
Microsoft Visual Studio Solution File, Format Version 12.00
Project("{FAE04EC0-301F-11D3-BF4B-00C04F79EFBC}") = "Dice-Game-Csharp", "Dice-Game-Csharp.csproj", "{203B2110-83DF-4A9B-B76C-DEA1892DDECF}"
EndProject
Global
	GlobalSection(SolutionConfigurationPlatforms) = preSolution
		Debug|Any CPU = Debug|Any CPU
		Release|Any CPU = Release|Any CPU
	EndGlobalSection
	GlobalSection(ProjectConfigurationPlatforms) = postSolution
		{203B2110-83DF-4A9B-B76C-DEA1892DDECF}.Debug|Any CPU.ActiveCfg = Debug|Any CPU
		{203B2110-83DF-4A9B-B76C-DEA1892DDECF}.Debug|Any CPU.Build.0 = Debug|Any CPU
		{203B2110-83DF-4A9B-B76C-DEA1892DDECF}.Release|Any CPU.ActiveCfg = Release|Any CPU
		{203B2110-83DF-4A9B-B76C-DEA1892DDECF}.Release|Any CPU.Build.0 = Release|Any CPU
	EndGlobalSection
EndGlobal
